dependencies:
- name: nginx-ingress
  repository: https://kubernetes-charts.storage.googleapis.com/
  version: 0.28.2
- name: external-dns
  repository: https://kubernetes-charts.storage.googleapis.com/
  version: 0.7.5
- name: kube2iam
  repository: https://kubernetes-charts.storage.googleapis.com/
  version: 0.9.0
- name: cert-manager
  repository: https://kubernetes-charts.storage.googleapis.com/
  version: v0.5.2
- name: spinnaker
  repository: https://kubernetes-charts.storage.googleapis.com/
  version: 1.8.0
- name: prometheus-operator
  repository: https://kubernetes-charts.storage.googleapis.com/
  version: 2.1.5
digest: sha256:ff0b5d0ae83639072d7c2611e91ef2a3b35d3442c3ed558b86e4ea2f07176c3b
generated: 2019-05-30T21:49:49.190583391+09:30
