dependencies:
- name: nginx-ingress
  repository: https://kubernetes-charts.storage.googleapis.com/
  version: 0.28.2
- name: external-dns
  repository: https://kubernetes-charts.storage.googleapis.com/
  version: 0.7.5
- name: kube2iam
  repository: https://kubernetes-charts.storage.googleapis.com/
  version: 0.9.0
- name: cert-manager
  repository: https://kubernetes-charts.storage.googleapis.com/
  version: v0.5.2
- name: spinnaker
  repository: https://kubernetes-charts.storage.googleapis.com/
  version: 1.1.6
digest: sha256:6afc0987aa5b1ad008c5fd99a33d2f0d9fa4fe2561f705c1c6b033447dd3707b
generated: 2019-03-31T18:52:34.979605374+10:30
