dependencies:
- name: nginx-ingress
  repository: https://kubernetes-charts.storage.googleapis.com/
  version: 1.33.5
- name: external-dns
  repository: https://charts.bitnami.com/bitnami/
  version: 2.20.5
- name: kube2iam
  repository: https://kubernetes-charts.storage.googleapis.com/
  version: 2.1.0
- name: spinnaker
  repository: https://kubernetes-charts.storage.googleapis.com/
  version: 2.0.0-rc1
- name: prometheus-operator
  repository: https://kubernetes-charts.storage.googleapis.com/
  version: 8.12.13
digest: sha256:3922aaa602e30800d1fe3cbb4a65fbd14dc512c837ba43c3f17e6711683a16de
generated: "2020-04-18T21:58:19.90758113+09:30"
